
Microsoft Visual Studio Solution File, Format Version 12.00
# Visual Studio Version 17
VisualStudioVersion = 17.11.35312.102
MinimumVisualStudioVersion = 10.0.40219.1
Project("{FAE04EC0-301F-11D3-BF4B-00C04F79EFBC}") = "TipCalculator", "TipCalculator.csproj", "{C2099F75-A1E1-42D2-836A-F29F6827CBF5}"
EndProject
Global
	GlobalSection(SolutionConfigurationPlatforms) = preSolution
		Debug|Any CPU = Debug|Any CPU
		Release|Any CPU = Release|Any CPU
	EndGlobalSection
	GlobalSection(ProjectConfigurationPlatforms) = postSolution
		{C2099F75-A1E1-42D2-836A-F29F6827CBF5}.Debug|Any CPU.ActiveCfg = Debug|Any CPU
		{C2099F75-A1E1-42D2-836A-F29F6827CBF5}.Debug|Any CPU.Build.0 = Debug|Any CPU
		{C2099F75-A1E1-42D2-836A-F29F6827CBF5}.Release|Any CPU.ActiveCfg = Release|Any CPU
		{C2099F75-A1E1-42D2-836A-F29F6827CBF5}.Release|Any CPU.Build.0 = Release|Any CPU
	EndGlobalSection
	GlobalSection(SolutionProperties) = preSolution
		HideSolutionNode = FALSE
	EndGlobalSection
	GlobalSection(ExtensibilityGlobals) = postSolution
		SolutionGuid = {63E785F9-757F-4594-A8D7-2BB285EFAFF9}
	EndGlobalSection
EndGlobal
